// !$*UTF8*$!
{
	archiveVersion = 1;
	classes = {
	};
	objectVersion = 56;
	objects = {

/* Begin PBXBuildFile section */
		7D14D59D2B4005D30059E485 /* Global_Custom_Queues.swift in Sources */ = {isa = PBXBuildFile; fileRef = 7D14D59C2B4005D30059E485 /* Global_Custom_Queues.swift */; };
		7D379AE52B4B0CB000355929 /* DeadLockExample.swift in Sources */ = {isa = PBXBuildFile; fileRef = 7D379AE42B4B0CB000355929 /* DeadLockExample.swift */; };
		7D3F7AB62B53210E00BF5A4B /* RaceCondtionEx.swift in Sources */ = {isa = PBXBuildFile; fileRef = 7D3F7AB52B53210E00BF5A4B /* RaceCondtionEx.swift */; };
		7D3F7AB82B53255F00BF5A4B /* AtomicCounter.swift in Sources */ = {isa = PBXBuildFile; fileRef = 7D3F7AB72B53255F00BF5A4B /* AtomicCounter.swift */; };
		7D5804072B41F578009A8CF6 /* ThreadSafety.swift in Sources */ = {isa = PBXBuildFile; fileRef = 7D5804062B41F578009A8CF6 /* ThreadSafety.swift */; };
		7D5804092B41FBB8009A8CF6 /* ThreadSafety2.swift in Sources */ = {isa = PBXBuildFile; fileRef = 7D5804082B41FBB8009A8CF6 /* ThreadSafety2.swift */; };
		7DB891B72B49E52800C99154 /* ThreadSafety3.swift in Sources */ = {isa = PBXBuildFile; fileRef = 7DB891B62B49E52800C99154 /* ThreadSafety3.swift */; };
		F773CEC12B1D184F0010B31A /* DetailsViewController.swift in Sources */ = {isa = PBXBuildFile; fileRef = F773CEC02B1D184F0010B31A /* DetailsViewController.swift */; };
		F78CEC512B05EE230017A558 /* OldConcurrencyLessonsApp.swift in Sources */ = {isa = PBXBuildFile; fileRef = F78CEC502B05EE230017A558 /* OldConcurrencyLessonsApp.swift */; };
		F78CEC532B05EE230017A558 /* ContentView.swift in Sources */ = {isa = PBXBuildFile; fileRef = F78CEC522B05EE230017A558 /* ContentView.swift */; };
		F78CEC552B05EE240017A558 /* Assets.xcassets in Resources */ = {isa = PBXBuildFile; fileRef = F78CEC542B05EE240017A558 /* Assets.xcassets */; };
		F78CEC582B05EE240017A558 /* Preview Assets.xcassets in Resources */ = {isa = PBXBuildFile; fileRef = F78CEC572B05EE240017A558 /* Preview Assets.xcassets */; };
		F78CEC5F2B05EE470017A558 /* DispatchgroupLesson.swift in Sources */ = {isa = PBXBuildFile; fileRef = F78CEC5E2B05EE470017A558 /* DispatchgroupLesson.swift */; };
		F78CEC742B0609030017A558 /* DispatchWorkItemLesson.swift in Sources */ = {isa = PBXBuildFile; fileRef = F78CEC732B0609030017A558 /* DispatchWorkItemLesson.swift */; };
		F7BF48872B0756A2007829FF /* DoTask-Async-Sync.swift in Sources */ = {isa = PBXBuildFile; fileRef = F7BF48862B0756A2007829FF /* DoTask-Async-Sync.swift */; };
		F7EC6F2D2B0B37A30096B2BE /* Operation-BlockOperation.swift in Sources */ = {isa = PBXBuildFile; fileRef = F7EC6F2C2B0B37A30096B2BE /* Operation-BlockOperation.swift */; };
		F7EC6F2F2B0B3CD70096B2BE /* OperationUsage.swift in Sources */ = {isa = PBXBuildFile; fileRef = F7EC6F2E2B0B3CD70096B2BE /* OperationUsage.swift */; };
/* End PBXBuildFile section */

/* Begin PBXFileReference section */
		7D14D59C2B4005D30059E485 /* Global_Custom_Queues.swift */ = {isa = PBXFileReference; lastKnownFileType = sourcecode.swift; path = Global_Custom_Queues.swift; sourceTree = "<group>"; };
		7D379AE42B4B0CB000355929 /* DeadLockExample.swift */ = {isa = PBXFileReference; lastKnownFileType = sourcecode.swift; path = DeadLockExample.swift; sourceTree = "<group>"; };
		7D3F7AB52B53210E00BF5A4B /* RaceCondtionEx.swift */ = {isa = PBXFileReference; lastKnownFileType = sourcecode.swift; path = RaceCondtionEx.swift; sourceTree = "<group>"; };
		7D3F7AB72B53255F00BF5A4B /* AtomicCounter.swift */ = {isa = PBXFileReference; lastKnownFileType = sourcecode.swift; path = AtomicCounter.swift; sourceTree = "<group>"; };
		7D5804062B41F578009A8CF6 /* ThreadSafety.swift */ = {isa = PBXFileReference; lastKnownFileType = sourcecode.swift; path = ThreadSafety.swift; sourceTree = "<group>"; };
		7D5804082B41FBB8009A8CF6 /* ThreadSafety2.swift */ = {isa = PBXFileReference; lastKnownFileType = sourcecode.swift; path = ThreadSafety2.swift; sourceTree = "<group>"; };
		7DB891B62B49E52800C99154 /* ThreadSafety3.swift */ = {isa = PBXFileReference; lastKnownFileType = sourcecode.swift; path = ThreadSafety3.swift; sourceTree = "<group>"; };
		F773CEC02B1D184F0010B31A /* DetailsViewController.swift */ = {isa = PBXFileReference; lastKnownFileType = sourcecode.swift; path = DetailsViewController.swift; sourceTree = "<group>"; };
		F78CEC4D2B05EE230017A558 /* OldConcurrencyLessons.app */ = {isa = PBXFileReference; explicitFileType = wrapper.application; includeInIndex = 0; path = OldConcurrencyLessons.app; sourceTree = BUILT_PRODUCTS_DIR; };
		F78CEC502B05EE230017A558 /* OldConcurrencyLessonsApp.swift */ = {isa = PBXFileReference; lastKnownFileType = sourcecode.swift; path = OldConcurrencyLessonsApp.swift; sourceTree = "<group>"; };
		F78CEC522B05EE230017A558 /* ContentView.swift */ = {isa = PBXFileReference; lastKnownFileType = sourcecode.swift; path = ContentView.swift; sourceTree = "<group>"; };
		F78CEC542B05EE240017A558 /* Assets.xcassets */ = {isa = PBXFileReference; lastKnownFileType = folder.assetcatalog; path = Assets.xcassets; sourceTree = "<group>"; };
		F78CEC572B05EE240017A558 /* Preview Assets.xcassets */ = {isa = PBXFileReference; lastKnownFileType = folder.assetcatalog; path = "Preview Assets.xcassets"; sourceTree = "<group>"; };
		F78CEC5E2B05EE470017A558 /* DispatchgroupLesson.swift */ = {isa = PBXFileReference; lastKnownFileType = sourcecode.swift; path = DispatchgroupLesson.swift; sourceTree = "<group>"; };
		F78CEC732B0609030017A558 /* DispatchWorkItemLesson.swift */ = {isa = PBXFileReference; lastKnownFileType = sourcecode.swift; path = DispatchWorkItemLesson.swift; sourceTree = "<group>"; };
		F7BF48862B0756A2007829FF /* DoTask-Async-Sync.swift */ = {isa = PBXFileReference; lastKnownFileType = sourcecode.swift; path = "DoTask-Async-Sync.swift"; sourceTree = "<group>"; };
		F7EC6F2C2B0B37A30096B2BE /* Operation-BlockOperation.swift */ = {isa = PBXFileReference; lastKnownFileType = sourcecode.swift; path = "Operation-BlockOperation.swift"; sourceTree = "<group>"; };
		F7EC6F2E2B0B3CD70096B2BE /* OperationUsage.swift */ = {isa = PBXFileReference; lastKnownFileType = sourcecode.swift; path = OperationUsage.swift; sourceTree = "<group>"; };
/* End PBXFileReference section */

/* Begin PBXFrameworksBuildPhase section */
		F78CEC4A2B05EE230017A558 /* Frameworks */ = {
			isa = PBXFrameworksBuildPhase;
			buildActionMask = 2147483647;
			files = (
			);
			runOnlyForDeploymentPostprocessing = 0;
		};
/* End PBXFrameworksBuildPhase section */

/* Begin PBXGroup section */
		7D14D59B2B40058F0059E485 /* GlobalvsCustomDispatchQueues */ = {
			isa = PBXGroup;
			children = (
				7D14D59C2B4005D30059E485 /* Global_Custom_Queues.swift */,
			);
			path = GlobalvsCustomDispatchQueues;
			sourceTree = "<group>";
		};
		7D379AE32B4B0C8D00355929 /* Deadlocks */ = {
			isa = PBXGroup;
			children = (
				7D379AE42B4B0CB000355929 /* DeadLockExample.swift */,
			);
			path = Deadlocks;
			sourceTree = "<group>";
		};
		7D3F7AB42B5320E900BF5A4B /* RaceCondition */ = {
			isa = PBXGroup;
			children = (
				7D3F7AB52B53210E00BF5A4B /* RaceCondtionEx.swift */,
				7D3F7AB72B53255F00BF5A4B /* AtomicCounter.swift */,
			);
			path = RaceCondition;
			sourceTree = "<group>";
		};
		7D5804052B41F513009A8CF6 /* Thread-Safety */ = {
			isa = PBXGroup;
			children = (
				7D5804062B41F578009A8CF6 /* ThreadSafety.swift */,
				7D5804082B41FBB8009A8CF6 /* ThreadSafety2.swift */,
				7DB891B62B49E52800C99154 /* ThreadSafety3.swift */,
			);
			path = "Thread-Safety";
			sourceTree = "<group>";
		};
		F773CEC22B1D1C820010B31A /* DispatchGroup */ = {
			isa = PBXGroup;
			children = (
				F78CEC5E2B05EE470017A558 /* DispatchgroupLesson.swift */,
			);
			path = DispatchGroup;
			sourceTree = "<group>";
		};
		F773CEC32B1D1CB50010B31A /* DispatchWorkItems */ = {
			isa = PBXGroup;
			children = (
				F78CEC732B0609030017A558 /* DispatchWorkItemLesson.swift */,
			);
			path = DispatchWorkItems;
			sourceTree = "<group>";
		};
		F773CEC42B1D1CD50010B31A /* AsyncAndSync  */ = {
			isa = PBXGroup;
			children = (
				F7BF48862B0756A2007829FF /* DoTask-Async-Sync.swift */,
			);
			path = "AsyncAndSync ";
			sourceTree = "<group>";
		};
		F773CEC52B1D1D140010B31A /* Operations */ = {
			isa = PBXGroup;
			children = (
				F7EC6F2C2B0B37A30096B2BE /* Operation-BlockOperation.swift */,
			);
			path = Operations;
			sourceTree = "<group>";
		};
		F773CEC62B1D1D610010B31A /* OperationsVsGCD */ = {
			isa = PBXGroup;
			children = (
				F7EC6F2E2B0B3CD70096B2BE /* OperationUsage.swift */,
			);
			path = OperationsVsGCD;
			sourceTree = "<group>";
		};
		F773CEC72B1D1D890010B31A /* MainThreadWorks */ = {
			isa = PBXGroup;
			children = (
				F773CEC02B1D184F0010B31A /* DetailsViewController.swift */,
			);
			path = MainThreadWorks;
			sourceTree = "<group>";
		};
		F78CEC442B05EE230017A558 = {
			isa = PBXGroup;
			children = (
				F78CEC4F2B05EE230017A558 /* OldConcurrencyLessons */,
				F78CEC4E2B05EE230017A558 /* Products */,
			);
			sourceTree = "<group>";
		};
		F78CEC4E2B05EE230017A558 /* Products */ = {
			isa = PBXGroup;
			children = (
				F78CEC4D2B05EE230017A558 /* OldConcurrencyLessons.app */,
			);
			name = Products;
			sourceTree = "<group>";
		};
		F78CEC4F2B05EE230017A558 /* OldConcurrencyLessons */ = {
			isa = PBXGroup;
			children = (
				F78CEC502B05EE230017A558 /* OldConcurrencyLessonsApp.swift */,
				F78CEC522B05EE230017A558 /* ContentView.swift */,
				F773CEC22B1D1C820010B31A /* DispatchGroup */,
				F773CEC32B1D1CB50010B31A /* DispatchWorkItems */,
				F773CEC42B1D1CD50010B31A /* AsyncAndSync  */,
				F773CEC52B1D1D140010B31A /* Operations */,
				F773CEC62B1D1D610010B31A /* OperationsVsGCD */,
				F773CEC72B1D1D890010B31A /* MainThreadWorks */,
				7D14D59B2B40058F0059E485 /* GlobalvsCustomDispatchQueues */,
				7D5804052B41F513009A8CF6 /* Thread-Safety */,
				7D379AE32B4B0C8D00355929 /* Deadlocks */,
				7D3F7AB42B5320E900BF5A4B /* RaceCondition */,
				F78CEC542B05EE240017A558 /* Assets.xcassets */,
				F78CEC562B05EE240017A558 /* Preview Content */,
			);
			path = OldConcurrencyLessons;
			sourceTree = "<group>";
		};
		F78CEC562B05EE240017A558 /* Preview Content */ = {
			isa = PBXGroup;
			children = (
				F78CEC572B05EE240017A558 /* Preview Assets.xcassets */,
			);
			path = "Preview Content";
			sourceTree = "<group>";
		};
/* End PBXGroup section */

/* Begin PBXNativeTarget section */
		F78CEC4C2B05EE230017A558 /* OldConcurrencyLessons */ = {
			isa = PBXNativeTarget;
			buildConfigurationList = F78CEC5B2B05EE240017A558 /* Build configuration list for PBXNativeTarget "OldConcurrencyLessons" */;
			buildPhases = (
				F78CEC492B05EE230017A558 /* Sources */,
				F78CEC4A2B05EE230017A558 /* Frameworks */,
				F78CEC4B2B05EE230017A558 /* Resources */,
			);
			buildRules = (
			);
			dependencies = (
			);
			name = OldConcurrencyLessons;
			productName = OldConcurrencyLessons;
			productReference = F78CEC4D2B05EE230017A558 /* OldConcurrencyLessons.app */;
			productType = "com.apple.product-type.application";
		};
/* End PBXNativeTarget section */

/* Begin PBXProject section */
		F78CEC452B05EE230017A558 /* Project object */ = {
			isa = PBXProject;
			attributes = {
				BuildIndependentTargetsInParallel = 1;
				LastSwiftUpdateCheck = 1500;
				LastUpgradeCheck = 1500;
				TargetAttributes = {
					F78CEC4C2B05EE230017A558 = {
						CreatedOnToolsVersion = 15.0.1;
					};
				};
			};
			buildConfigurationList = F78CEC482B05EE230017A558 /* Build configuration list for PBXProject "OldConcurrencyLessons" */;
			compatibilityVersion = "Xcode 14.0";
			developmentRegion = en;
			hasScannedForEncodings = 0;
			knownRegions = (
				en,
				Base,
			);
			mainGroup = F78CEC442B05EE230017A558;
			productRefGroup = F78CEC4E2B05EE230017A558 /* Products */;
			projectDirPath = "";
			projectRoot = "";
			targets = (
				F78CEC4C2B05EE230017A558 /* OldConcurrencyLessons */,
			);
		};
/* End PBXProject section */

/* Begin PBXResourcesBuildPhase section */
		F78CEC4B2B05EE230017A558 /* Resources */ = {
			isa = PBXResourcesBuildPhase;
			buildActionMask = 2147483647;
			files = (
				F78CEC582B05EE240017A558 /* Preview Assets.xcassets in Resources */,
				F78CEC552B05EE240017A558 /* Assets.xcassets in Resources */,
			);
			runOnlyForDeploymentPostprocessing = 0;
		};
/* End PBXResourcesBuildPhase section */

/* Begin PBXSourcesBuildPhase section */
		F78CEC492B05EE230017A558 /* Sources */ = {
			isa = PBXSourcesBuildPhase;
			buildActionMask = 2147483647;
			files = (
				F7BF48872B0756A2007829FF /* DoTask-Async-Sync.swift in Sources */,
				7D3F7AB62B53210E00BF5A4B /* RaceCondtionEx.swift in Sources */,
				F7EC6F2F2B0B3CD70096B2BE /* OperationUsage.swift in Sources */,
				F78CEC5F2B05EE470017A558 /* DispatchgroupLesson.swift in Sources */,
				7D379AE52B4B0CB000355929 /* DeadLockExample.swift in Sources */,
				7D5804072B41F578009A8CF6 /* ThreadSafety.swift in Sources */,
				F773CEC12B1D184F0010B31A /* DetailsViewController.swift in Sources */,
				F78CEC742B0609030017A558 /* DispatchWorkItemLesson.swift in Sources */,
				7D3F7AB82B53255F00BF5A4B /* AtomicCounter.swift in Sources */,
				F7EC6F2D2B0B37A30096B2BE /* Operation-BlockOperation.swift in Sources */,
				7D14D59D2B4005D30059E485 /* Global_Custom_Queues.swift in Sources */,
				F78CEC532B05EE230017A558 /* ContentView.swift in Sources */,
				7DB891B72B49E52800C99154 /* ThreadSafety3.swift in Sources */,
				F78CEC512B05EE230017A558 /* OldConcurrencyLessonsApp.swift in Sources */,
				7D5804092B41FBB8009A8CF6 /* ThreadSafety2.swift in Sources */,
			);
			runOnlyForDeploymentPostprocessing = 0;
		};
/* End PBXSourcesBuildPhase section */

/* Begin XCBuildConfiguration section */
		F78CEC592B05EE240017A558 /* Debug */ = {
			isa = XCBuildConfiguration;
			buildSettings = {
				ALWAYS_SEARCH_USER_PATHS = NO;
				ASSETCATALOG_COMPILER_GENERATE_SWIFT_ASSET_SYMBOL_EXTENSIONS = YES;
				CLANG_ANALYZER_NONNULL = YES;
				CLANG_ANALYZER_NUMBER_OBJECT_CONVERSION = YES_AGGRESSIVE;
				CLANG_CXX_LANGUAGE_STANDARD = "gnu++20";
				CLANG_ENABLE_MODULES = YES;
				CLANG_ENABLE_OBJC_ARC = YES;
				CLANG_ENABLE_OBJC_WEAK = YES;
				CLANG_WARN_BLOCK_CAPTURE_AUTORELEASING = YES;
				CLANG_WARN_BOOL_CONVERSION = YES;
				CLANG_WARN_COMMA = YES;
				CLANG_WARN_CONSTANT_CONVERSION = YES;
				CLANG_WARN_DEPRECATED_OBJC_IMPLEMENTATIONS = YES;
				CLANG_WARN_DIRECT_OBJC_ISA_USAGE = YES_ERROR;
				CLANG_WARN_DOCUMENTATION_COMMENTS = YES;
				CLANG_WARN_EMPTY_BODY = YES;
				CLANG_WARN_ENUM_CONVERSION = YES;
				CLANG_WARN_INFINITE_RECURSION = YES;
				CLANG_WARN_INT_CONVERSION = YES;
				CLANG_WARN_NON_LITERAL_NULL_CONVERSION = YES;
				CLANG_WARN_OBJC_IMPLICIT_RETAIN_SELF = YES;
				CLANG_WARN_OBJC_LITERAL_CONVERSION = YES;
				CLANG_WARN_OBJC_ROOT_CLASS = YES_ERROR;
				CLANG_WARN_QUOTED_INCLUDE_IN_FRAMEWORK_HEADER = YES;
				CLANG_WARN_RANGE_LOOP_ANALYSIS = YES;
				CLANG_WARN_STRICT_PROTOTYPES = YES;
				CLANG_WARN_SUSPICIOUS_MOVE = YES;
				CLANG_WARN_UNGUARDED_AVAILABILITY = YES_AGGRESSIVE;
				CLANG_WARN_UNREACHABLE_CODE = YES;
				CLANG_WARN__DUPLICATE_METHOD_MATCH = YES;
				COPY_PHASE_STRIP = NO;
				DEBUG_INFORMATION_FORMAT = dwarf;
				ENABLE_STRICT_OBJC_MSGSEND = YES;
				ENABLE_TESTABILITY = YES;
				ENABLE_USER_SCRIPT_SANDBOXING = YES;
				GCC_C_LANGUAGE_STANDARD = gnu17;
				GCC_DYNAMIC_NO_PIC = NO;
				GCC_NO_COMMON_BLOCKS = YES;
				GCC_OPTIMIZATION_LEVEL = 0;
				GCC_PREPROCESSOR_DEFINITIONS = (
					"DEBUG=1",
					"$(inherited)",
				);
				GCC_WARN_64_TO_32_BIT_CONVERSION = YES;
				GCC_WARN_ABOUT_RETURN_TYPE = YES_ERROR;
				GCC_WARN_UNDECLARED_SELECTOR = YES;
				GCC_WARN_UNINITIALIZED_AUTOS = YES_AGGRESSIVE;
				GCC_WARN_UNUSED_FUNCTION = YES;
				GCC_WARN_UNUSED_VARIABLE = YES;
				IPHONEOS_DEPLOYMENT_TARGET = 17.0;
				LOCALIZATION_PREFERS_STRING_CATALOGS = YES;
				MTL_ENABLE_DEBUG_INFO = INCLUDE_SOURCE;
				MTL_FAST_MATH = YES;
				ONLY_ACTIVE_ARCH = YES;
				SDKROOT = iphoneos;
				SWIFT_ACTIVE_COMPILATION_CONDITIONS = "DEBUG $(inherited)";
				SWIFT_OPTIMIZATION_LEVEL = "-Onone";
			};
			name = Debug;
		};
		F78CEC5A2B05EE240017A558 /* Release */ = {
			isa = XCBuildConfiguration;
			buildSettings = {
				ALWAYS_SEARCH_USER_PATHS = NO;
				ASSETCATALOG_COMPILER_GENERATE_SWIFT_ASSET_SYMBOL_EXTENSIONS = YES;
				CLANG_ANALYZER_NONNULL = YES;
				CLANG_ANALYZER_NUMBER_OBJECT_CONVERSION = YES_AGGRESSIVE;
				CLANG_CXX_LANGUAGE_STANDARD = "gnu++20";
				CLANG_ENABLE_MODULES = YES;
				CLANG_ENABLE_OBJC_ARC = YES;
				CLANG_ENABLE_OBJC_WEAK = YES;
				CLANG_WARN_BLOCK_CAPTURE_AUTORELEASING = YES;
				CLANG_WARN_BOOL_CONVERSION = YES;
				CLANG_WARN_COMMA = YES;
				CLANG_WARN_CONSTANT_CONVERSION = YES;
				CLANG_WARN_DEPRECATED_OBJC_IMPLEMENTATIONS = YES;
				CLANG_WARN_DIRECT_OBJC_ISA_USAGE = YES_ERROR;
				CLANG_WARN_DOCUMENTATION_COMMENTS = YES;
				CLANG_WARN_EMPTY_BODY = YES;
				CLANG_WARN_ENUM_CONVERSION = YES;
				CLANG_WARN_INFINITE_RECURSION = YES;
				CLANG_WARN_INT_CONVERSION = YES;
				CLANG_WARN_NON_LITERAL_NULL_CONVERSION = YES;
				CLANG_WARN_OBJC_IMPLICIT_RETAIN_SELF = YES;
				CLANG_WARN_OBJC_LITERAL_CONVERSION = YES;
				CLANG_WARN_OBJC_ROOT_CLASS = YES_ERROR;
				CLANG_WARN_QUOTED_INCLUDE_IN_FRAMEWORK_HEADER = YES;
				CLANG_WARN_RANGE_LOOP_ANALYSIS = YES;
				CLANG_WARN_STRICT_PROTOTYPES = YES;
				CLANG_WARN_SUSPICIOUS_MOVE = YES;
				CLANG_WARN_UNGUARDED_AVAILABILITY = YES_AGGRESSIVE;
				CLANG_WARN_UNREACHABLE_CODE = YES;
				CLANG_WARN__DUPLICATE_METHOD_MATCH = YES;
				COPY_PHASE_STRIP = NO;
				DEBUG_INFORMATION_FORMAT = "dwarf-with-dsym";
				ENABLE_NS_ASSERTIONS = NO;
				ENABLE_STRICT_OBJC_MSGSEND = YES;
				ENABLE_USER_SCRIPT_SANDBOXING = YES;
				GCC_C_LANGUAGE_STANDARD = gnu17;
				GCC_NO_COMMON_BLOCKS = YES;
				GCC_WARN_64_TO_32_BIT_CONVERSION = YES;
				GCC_WARN_ABOUT_RETURN_TYPE = YES_ERROR;
				GCC_WARN_UNDECLARED_SELECTOR = YES;
				GCC_WARN_UNINITIALIZED_AUTOS = YES_AGGRESSIVE;
				GCC_WARN_UNUSED_FUNCTION = YES;
				GCC_WARN_UNUSED_VARIABLE = YES;
				IPHONEOS_DEPLOYMENT_TARGET = 17.0;
				LOCALIZATION_PREFERS_STRING_CATALOGS = YES;
				MTL_ENABLE_DEBUG_INFO = NO;
				MTL_FAST_MATH = YES;
				SDKROOT = iphoneos;
				SWIFT_COMPILATION_MODE = wholemodule;
				VALIDATE_PRODUCT = YES;
			};
			name = Release;
		};
		F78CEC5C2B05EE240017A558 /* Debug */ = {
			isa = XCBuildConfiguration;
			buildSettings = {
				ASSETCATALOG_COMPILER_APPICON_NAME = AppIcon;
				ASSETCATALOG_COMPILER_GLOBAL_ACCENT_COLOR_NAME = AccentColor;
				CODE_SIGN_STYLE = Automatic;
				CURRENT_PROJECT_VERSION = 1;
				DEVELOPMENT_ASSET_PATHS = "\"OldConcurrencyLessons/Preview Content\"";
				DEVELOPMENT_TEAM = JKQNUCPDQL;
				ENABLE_PREVIEWS = YES;
				GENERATE_INFOPLIST_FILE = YES;
				INFOPLIST_KEY_UIApplicationSceneManifest_Generation = YES;
				INFOPLIST_KEY_UIApplicationSupportsIndirectInputEvents = YES;
				INFOPLIST_KEY_UILaunchScreen_Generation = YES;
				INFOPLIST_KEY_UISupportedInterfaceOrientations_iPad = "UIInterfaceOrientationPortrait UIInterfaceOrientationPortraitUpsideDown UIInterfaceOrientationLandscapeLeft UIInterfaceOrientationLandscapeRight";
				INFOPLIST_KEY_UISupportedInterfaceOrientations_iPhone = "UIInterfaceOrientationPortrait UIInterfaceOrientationLandscapeLeft UIInterfaceOrientationLandscapeRight";
				LD_RUNPATH_SEARCH_PATHS = (
					"$(inherited)",
					"@executable_path/Frameworks",
				);
				MARKETING_VERSION = 1.0;
				PRODUCT_BUNDLE_IDENTIFIER = com.gokhan.OldConcurrencyLessons;
				PRODUCT_NAME = "$(TARGET_NAME)";
				SWIFT_EMIT_LOC_STRINGS = YES;
				SWIFT_VERSION = 5.0;
				TARGETED_DEVICE_FAMILY = "1,2";
			};
			name = Debug;
		};
		F78CEC5D2B05EE240017A558 /* Release */ = {
			isa = XCBuildConfiguration;
			buildSettings = {
				ASSETCATALOG_COMPILER_APPICON_NAME = AppIcon;
				ASSETCATALOG_COMPILER_GLOBAL_ACCENT_COLOR_NAME = AccentColor;
				CODE_SIGN_STYLE = Automatic;
				CURRENT_PROJECT_VERSION = 1;
				DEVELOPMENT_ASSET_PATHS = "\"OldConcurrencyLessons/Preview Content\"";
				DEVELOPMENT_TEAM = JKQNUCPDQL;
				ENABLE_PREVIEWS = YES;
				GENERATE_INFOPLIST_FILE = YES;
				INFOPLIST_KEY_UIApplicationSceneManifest_Generation = YES;
				INFOPLIST_KEY_UIApplicationSupportsIndirectInputEvents = YES;
				INFOPLIST_KEY_UILaunchScreen_Generation = YES;
				INFOPLIST_KEY_UISupportedInterfaceOrientations_iPad = "UIInterfaceOrientationPortrait UIInterfaceOrientationPortraitUpsideDown UIInterfaceOrientationLandscapeLeft UIInterfaceOrientationLandscapeRight";
				INFOPLIST_KEY_UISupportedInterfaceOrientations_iPhone = "UIInterfaceOrientationPortrait UIInterfaceOrientationLandscapeLeft UIInterfaceOrientationLandscapeRight";
				LD_RUNPATH_SEARCH_PATHS = (
					"$(inherited)",
					"@executable_path/Frameworks",
				);
				MARKETING_VERSION = 1.0;
				PRODUCT_BUNDLE_IDENTIFIER = com.gokhan.OldConcurrencyLessons;
				PRODUCT_NAME = "$(TARGET_NAME)";
				SWIFT_EMIT_LOC_STRINGS = YES;
				SWIFT_VERSION = 5.0;
				TARGETED_DEVICE_FAMILY = "1,2";
			};
			name = Release;
		};
/* End XCBuildConfiguration section */

/* Begin XCConfigurationList section */
		F78CEC482B05EE230017A558 /* Build configuration list for PBXProject "OldConcurrencyLessons" */ = {
			isa = XCConfigurationList;
			buildConfigurations = (
				F78CEC592B05EE240017A558 /* Debug */,
				F78CEC5A2B05EE240017A558 /* Release */,
			);
			defaultConfigurationIsVisible = 0;
			defaultConfigurationName = Release;
		};
		F78CEC5B2B05EE240017A558 /* Build configuration list for PBXNativeTarget "OldConcurrencyLessons" */ = {
			isa = XCConfigurationList;
			buildConfigurations = (
				F78CEC5C2B05EE240017A558 /* Debug */,
				F78CEC5D2B05EE240017A558 /* Release */,
			);
			defaultConfigurationIsVisible = 0;
			defaultConfigurationName = Release;
		};
/* End XCConfigurationList section */
	};
	rootObject = F78CEC452B05EE230017A558 /* Project object */;
}
